
Microsoft Visual Studio Solution File, Format Version 12.00
# Visual Studio Version 16
VisualStudioVersion = 25.0.1703.8
MinimumVisualStudioVersion = 10.0.40219.1
Project("{FAE04EC0-301F-11D3-BF4B-00C04F79EFBC}") = "zad1_l5", "zad1_l5\zad1_l5.csproj", "{E1EC72BE-7A92-407A-A79E-3648DD8070A3}"
EndProject
Global
	GlobalSection(SolutionConfigurationPlatforms) = preSolution
		Debug|Any CPU = Debug|Any CPU
		Release|Any CPU = Release|Any CPU
	EndGlobalSection
	GlobalSection(ProjectConfigurationPlatforms) = postSolution
		{E1EC72BE-7A92-407A-A79E-3648DD8070A3}.Debug|Any CPU.ActiveCfg = Debug|Any CPU
		{E1EC72BE-7A92-407A-A79E-3648DD8070A3}.Debug|Any CPU.Build.0 = Debug|Any CPU
		{E1EC72BE-7A92-407A-A79E-3648DD8070A3}.Release|Any CPU.ActiveCfg = Release|Any CPU
		{E1EC72BE-7A92-407A-A79E-3648DD8070A3}.Release|Any CPU.Build.0 = Release|Any CPU
	EndGlobalSection
	GlobalSection(SolutionProperties) = preSolution
		HideSolutionNode = FALSE
	EndGlobalSection
	GlobalSection(ExtensibilityGlobals) = postSolution
		SolutionGuid = {ED731E66-396E-43C3-84F1-EF0A82ADAF12}
	EndGlobalSection
EndGlobal
