
Microsoft Visual Studio Solution File, Format Version 12.00
# Visual Studio Version 16
VisualStudioVersion = 25.0.1703.8
MinimumVisualStudioVersion = 10.0.40219.1
Project("{FAE04EC0-301F-11D3-BF4B-00C04F79EFBC}") = "lab6_z4", "lab6_z4\lab6_z4.csproj", "{93FA46E9-434E-47F9-BB75-5C2CE35F1AF7}"
EndProject
Global
	GlobalSection(SolutionConfigurationPlatforms) = preSolution
		Debug|Any CPU = Debug|Any CPU
		Release|Any CPU = Release|Any CPU
	EndGlobalSection
	GlobalSection(ProjectConfigurationPlatforms) = postSolution
		{93FA46E9-434E-47F9-BB75-5C2CE35F1AF7}.Debug|Any CPU.ActiveCfg = Debug|Any CPU
		{93FA46E9-434E-47F9-BB75-5C2CE35F1AF7}.Debug|Any CPU.Build.0 = Debug|Any CPU
		{93FA46E9-434E-47F9-BB75-5C2CE35F1AF7}.Release|Any CPU.ActiveCfg = Release|Any CPU
		{93FA46E9-434E-47F9-BB75-5C2CE35F1AF7}.Release|Any CPU.Build.0 = Release|Any CPU
	EndGlobalSection
	GlobalSection(SolutionProperties) = preSolution
		HideSolutionNode = FALSE
	EndGlobalSection
	GlobalSection(ExtensibilityGlobals) = postSolution
		SolutionGuid = {7D661DDF-06C0-4920-BCEB-177251FFF26F}
	EndGlobalSection
EndGlobal
