
Microsoft Visual Studio Solution File, Format Version 12.00
# Visual Studio Version 16
VisualStudioVersion = 25.0.1704.0
MinimumVisualStudioVersion = 10.0.40219.1
Project("{FAE04EC0-301F-11D3-BF4B-00C04F79EFBC}") = "lab9", "lab9\lab9.csproj", "{83EFFBD3-1F65-4E53-9022-CA999F10132F}"
EndProject
Global
	GlobalSection(SolutionConfigurationPlatforms) = preSolution
		Debug|Any CPU = Debug|Any CPU
		Release|Any CPU = Release|Any CPU
	EndGlobalSection
	GlobalSection(ProjectConfigurationPlatforms) = postSolution
		{83EFFBD3-1F65-4E53-9022-CA999F10132F}.Debug|Any CPU.ActiveCfg = Debug|Any CPU
		{83EFFBD3-1F65-4E53-9022-CA999F10132F}.Debug|Any CPU.Build.0 = Debug|Any CPU
		{83EFFBD3-1F65-4E53-9022-CA999F10132F}.Release|Any CPU.ActiveCfg = Release|Any CPU
		{83EFFBD3-1F65-4E53-9022-CA999F10132F}.Release|Any CPU.Build.0 = Release|Any CPU
	EndGlobalSection
	GlobalSection(SolutionProperties) = preSolution
		HideSolutionNode = FALSE
	EndGlobalSection
	GlobalSection(ExtensibilityGlobals) = postSolution
		SolutionGuid = {368F6FF0-6924-4763-ACC1-3C69BB12138B}
	EndGlobalSection
EndGlobal
