
Microsoft Visual Studio Solution File, Format Version 12.00
# Visual Studio Version 16
VisualStudioVersion = 25.0.1704.0
MinimumVisualStudioVersion = 10.0.40219.1
Project("{FAE04EC0-301F-11D3-BF4B-00C04F79EFBC}") = "lab10", "lab10\lab10.csproj", "{65B45093-BCDE-4C7E-AB95-83D6F41BB8BE}"
EndProject
Global
	GlobalSection(SolutionConfigurationPlatforms) = preSolution
		Debug|Any CPU = Debug|Any CPU
		Release|Any CPU = Release|Any CPU
	EndGlobalSection
	GlobalSection(ProjectConfigurationPlatforms) = postSolution
		{65B45093-BCDE-4C7E-AB95-83D6F41BB8BE}.Debug|Any CPU.ActiveCfg = Debug|Any CPU
		{65B45093-BCDE-4C7E-AB95-83D6F41BB8BE}.Debug|Any CPU.Build.0 = Debug|Any CPU
		{65B45093-BCDE-4C7E-AB95-83D6F41BB8BE}.Release|Any CPU.ActiveCfg = Release|Any CPU
		{65B45093-BCDE-4C7E-AB95-83D6F41BB8BE}.Release|Any CPU.Build.0 = Release|Any CPU
	EndGlobalSection
	GlobalSection(SolutionProperties) = preSolution
		HideSolutionNode = FALSE
	EndGlobalSection
	GlobalSection(ExtensibilityGlobals) = postSolution
		SolutionGuid = {5577B7D6-F8ED-41D2-9373-8BCC2350FF76}
	EndGlobalSection
EndGlobal
