
Microsoft Visual Studio Solution File, Format Version 12.00
# Visual Studio Version 16
VisualStudioVersion = 16.0.33130.400
MinimumVisualStudioVersion = 10.0.40219.1
Project("{9A19103F-16F7-4668-BE54-9A1E7A4F7556}") = "lab13", "lab13\lab13.csproj", "{7D536A46-F44F-4460-9F49-9360B0FA5212}"
EndProject
Global
	GlobalSection(SolutionConfigurationPlatforms) = preSolution
		Debug|Any CPU = Debug|Any CPU
		Release|Any CPU = Release|Any CPU
	EndGlobalSection
	GlobalSection(ProjectConfigurationPlatforms) = postSolution
		{7D536A46-F44F-4460-9F49-9360B0FA5212}.Debug|Any CPU.ActiveCfg = Debug|Any CPU
		{7D536A46-F44F-4460-9F49-9360B0FA5212}.Debug|Any CPU.Build.0 = Debug|Any CPU
		{7D536A46-F44F-4460-9F49-9360B0FA5212}.Release|Any CPU.ActiveCfg = Release|Any CPU
		{7D536A46-F44F-4460-9F49-9360B0FA5212}.Release|Any CPU.Build.0 = Release|Any CPU
	EndGlobalSection
	GlobalSection(SolutionProperties) = preSolution
		HideSolutionNode = FALSE
	EndGlobalSection
	GlobalSection(ExtensibilityGlobals) = postSolution
		SolutionGuid = {E3429466-AFC0-4999-8692-FE0D79E0AE9B}
	EndGlobalSection
EndGlobal
