
Microsoft Visual Studio Solution File, Format Version 12.00
# Visual Studio Version 16
VisualStudioVersion = 25.0.1703.8
MinimumVisualStudioVersion = 10.0.40219.1
Project("{FAE04EC0-301F-11D3-BF4B-00C04F79EFBC}") = "lab6_z6", "lab6_z6\lab6_z6.csproj", "{51E0E29F-6670-4486-BE31-D232AB8BA7CC}"
EndProject
Global
	GlobalSection(SolutionConfigurationPlatforms) = preSolution
		Debug|Any CPU = Debug|Any CPU
		Release|Any CPU = Release|Any CPU
	EndGlobalSection
	GlobalSection(ProjectConfigurationPlatforms) = postSolution
		{51E0E29F-6670-4486-BE31-D232AB8BA7CC}.Debug|Any CPU.ActiveCfg = Debug|Any CPU
		{51E0E29F-6670-4486-BE31-D232AB8BA7CC}.Debug|Any CPU.Build.0 = Debug|Any CPU
		{51E0E29F-6670-4486-BE31-D232AB8BA7CC}.Release|Any CPU.ActiveCfg = Release|Any CPU
		{51E0E29F-6670-4486-BE31-D232AB8BA7CC}.Release|Any CPU.Build.0 = Release|Any CPU
	EndGlobalSection
	GlobalSection(SolutionProperties) = preSolution
		HideSolutionNode = FALSE
	EndGlobalSection
	GlobalSection(ExtensibilityGlobals) = postSolution
		SolutionGuid = {02EE9A87-77DB-4414-86C4-BE677D73319B}
	EndGlobalSection
EndGlobal
