
Microsoft Visual Studio Solution File, Format Version 12.00
# Visual Studio Version 16
VisualStudioVersion = 25.0.1704.0
MinimumVisualStudioVersion = 10.0.40219.1
Project("{FAE04EC0-301F-11D3-BF4B-00C04F79EFBC}") = "lab8", "lab8\lab8.csproj", "{F38DA1BA-0A72-42F9-B0FF-3062576CE482}"
EndProject
Global
	GlobalSection(SolutionConfigurationPlatforms) = preSolution
		Debug|Any CPU = Debug|Any CPU
		Release|Any CPU = Release|Any CPU
	EndGlobalSection
	GlobalSection(ProjectConfigurationPlatforms) = postSolution
		{F38DA1BA-0A72-42F9-B0FF-3062576CE482}.Debug|Any CPU.ActiveCfg = Debug|Any CPU
		{F38DA1BA-0A72-42F9-B0FF-3062576CE482}.Debug|Any CPU.Build.0 = Debug|Any CPU
		{F38DA1BA-0A72-42F9-B0FF-3062576CE482}.Release|Any CPU.ActiveCfg = Release|Any CPU
		{F38DA1BA-0A72-42F9-B0FF-3062576CE482}.Release|Any CPU.Build.0 = Release|Any CPU
	EndGlobalSection
	GlobalSection(SolutionProperties) = preSolution
		HideSolutionNode = FALSE
	EndGlobalSection
	GlobalSection(ExtensibilityGlobals) = postSolution
		SolutionGuid = {0B39E47E-91DD-4C21-A8A0-7AB96F57FFC5}
	EndGlobalSection
EndGlobal
